{
  "version": 4,
  "terraform_version": "0.12.28",
  "serial": 2,
  "lineage": "0c8d5ed6-c2a8-63dd-e3f9-8d75ce83276a",
  "outputs": {},
  "resources": [
    {
      "mode": "managed",
      "type": "azurerm_resource_group",
      "name": "example",
      "provider": "provider.azurerm",
      "instances": [
        {
          "schema_version": 0,
          "attributes": {
            "id": "/subscriptions/07ee4d7d-00ae-4ebd-b4fd-ff11533f5667/resourceGroups/az-400_rg",
            "location": "southeastasia",
            "name": "az-400_rg",
            "tags": {
              "OWNER": "Anindita Basak",
              "Origin": "az-kubernetes",
              "ReasonCreated": "certification"
            },
            "timeouts": null
          },
          "private": "eyJlMmJmYjczMC1lY2FhLTExZTYtOGY4OC0zNDM2M2JjN2M0YzAiOnsiY3JlYXRlIjo1NDAwMDAwMDAwMDAwLCJkZWxldGUiOjU0MDAwMDAwMDAwMDAsInJlYWQiOjMwMDAwMDAwMDAwMCwidXBkYXRlIjo1NDAwMDAwMDAwMDAwfX0="
        }
      ]
    }
  ]
}
